
Microsoft Visual Studio Solution File, Format Version 12.00
# Visual Studio Version 16
VisualStudioVersion = 16.0.29926.136
MinimumVisualStudioVersion = 10.0.40219.1
Project("{9A19103F-16F7-4668-BE54-9A1E7A4F7556}") = "GameEngine", "Gameengine\GameEngine.csproj", "{9299C94B-7562-4F7B-A6E0-94F20088F124}"
EndProject
Project("{9A19103F-16F7-4668-BE54-9A1E7A4F7556}") = "GameEngine.Tests", "GameEngine.Tests\GameEngine.Tests.csproj", "{BA09CC7E-1CB5-4130-A41B-1A30DD68FD94}"
EndProject
Global
	GlobalSection(SolutionConfigurationPlatforms) = preSolution
		Debug|Any CPU = Debug|Any CPU
		Release|Any CPU = Release|Any CPU
	EndGlobalSection
	GlobalSection(ProjectConfigurationPlatforms) = postSolution
		{9299C94B-7562-4F7B-A6E0-94F20088F124}.Debug|Any CPU.ActiveCfg = Debug|Any CPU
		{9299C94B-7562-4F7B-A6E0-94F20088F124}.Debug|Any CPU.Build.0 = Debug|Any CPU
		{9299C94B-7562-4F7B-A6E0-94F20088F124}.Release|Any CPU.ActiveCfg = Release|Any CPU
		{9299C94B-7562-4F7B-A6E0-94F20088F124}.Release|Any CPU.Build.0 = Release|Any CPU
		{BA09CC7E-1CB5-4130-A41B-1A30DD68FD94}.Debug|Any CPU.ActiveCfg = Debug|Any CPU
		{BA09CC7E-1CB5-4130-A41B-1A30DD68FD94}.Debug|Any CPU.Build.0 = Debug|Any CPU
		{BA09CC7E-1CB5-4130-A41B-1A30DD68FD94}.Release|Any CPU.ActiveCfg = Release|Any CPU
		{BA09CC7E-1CB5-4130-A41B-1A30DD68FD94}.Release|Any CPU.Build.0 = Release|Any CPU
	EndGlobalSection
	GlobalSection(SolutionProperties) = preSolution
		HideSolutionNode = FALSE
	EndGlobalSection
	GlobalSection(ExtensibilityGlobals) = postSolution
		SolutionGuid = {6B6DB297-C302-489C-AFB5-0167472D8EA3}
	EndGlobalSection
EndGlobal
